# This file is automatically @generated by Cargo.
# It is not intended for manual editing.
version = 4

[[package]]
name = "brasa-bench"
version = "0.0.1"
dependencies = [
 "brasa-core",
 "brasa-runtime",
]

[[package]]
name = "brasa-catalog"
version = "0.0.1"
dependencies = [
 "brasa-core",
 "brasa-quant",
]

[[package]]
name = "brasa-cli"
version = "0.0.1"
dependencies = [
 "brasa-bench",
 "brasa-catalog",
 "brasa-core",
 "brasa-daemon",
 "brasa-runtime",
]

[[package]]
name = "brasa-core"
version = "0.0.1"

[[package]]
name = "brasa-daemon"
version = "0.0.1"
dependencies = [
 "brasa-catalog",
 "brasa-core",
 "brasa-runtime",
]

[[package]]
name = "brasa-kernels"
version = "0.0.1"
dependencies = [
 "brasa-metal",
]

[[package]]
name = "brasa-memory"
version = "0.0.1"
dependencies = [
 "brasa-core",
 "brasa-metal",
]

[[package]]
name = "brasa-metal"
version = "0.0.1"

[[package]]
name = "brasa-models"
version = "0.0.1"
dependencies = [
 "brasa-core",
 "brasa-kernels",
 "brasa-metal",
 "brasa-quant",
 "brasa-tokenizer",
]

[[package]]
name = "brasa-quant"
version = "0.0.1"
dependencies = [
 "brasa-core",
]

[[package]]
name = "brasa-runtime"
version = "0.0.1"
dependencies = [
 "brasa-core",
 "brasa-memory",
 "brasa-metal",
 "brasa-models",
 "brasa-tokenizer",
 "brasa-tuner",
]

[[package]]
name = "brasa-tokenizer"
version = "0.0.1"
dependencies = [
 "brasa-core",
]

[[package]]
name = "brasa-tuner"
version = "0.0.1"
dependencies = [
 "brasa-core",
 "brasa-metal",
]
